{
  "originHash" : "6744a93c4f0b5aaf2819b999e1b2bd9e26883817e23edc80d58f66aa09b6e156",
  "pins" : [
    {
      "identity" : "ap-ssp-sdk-ios-spm-objc",
      "kind" : "remoteSourceControl",
      "location" : "https://github.com/IGAWorksDev/ap-ssp-sdk-ios-spm-objc",
      "state" : {
        "revision" : "61244d18e006f4c3137121d8ec7a89e7327283eb",
        "version" : "2.11.9"
      }
    }
  ],
  "version" : 3
}
