{
  "originHash" : "8d733693c484db2ca0ecf2cc61a40b2b9cb3434b85e05d46e0f065703cf06786",
  "pins" : [
    {
      "identity" : "sdk_adcash_ios",
      "kind" : "remoteSourceControl",
      "location" : "https://github.com/avatye-developer/sdk_adcash_ios",
      "state" : {
        "revision" : "dc337f4ff5332bc2864a104596c8782cd86bba60",
        "version" : "3.1.12"
      }
    }
  ],
  "version" : 3
}
