{
  "originHash" : "a6fa3f11c463bdfd34746add01ac5a3b225ccff6b5ffa913917ed570903fe3f1",
  "pins" : [
    {
      "identity" : "sdk_adcash_ios",
      "kind" : "remoteSourceControl",
      "location" : "https://github.com/avatye-developer/sdk_adcash_ios",
      "state" : {
        "revision" : "249955f5db9e99c4a74a65d0a06efc014d1a744d",
        "version" : "3.1.20"
      }
    }
  ],
  "version" : 3
}
